
Microsoft Visual Studio Solution File, Format Version 12.00
# Visual Studio Version 16
VisualStudioVersion = 16.0.29509.3
MinimumVisualStudioVersion = 10.0.40219.1
Project("{F184B08F-C81C-45F6-A57F-5ABD9991F28F}") = "GrpMsg", "GrpMsg.vbproj", "{45AD81AA-E8B3-4F3F-A25D-FB861FCC7ED8}"
EndProject
Global
	GlobalSection(SolutionConfigurationPlatforms) = preSolution
		Debug|Any CPU = Debug|Any CPU
		Release|Any CPU = Release|Any CPU
	EndGlobalSection
	GlobalSection(ProjectConfigurationPlatforms) = postSolution
		{45AD81AA-E8B3-4F3F-A25D-FB861FCC7ED8}.Debug|Any CPU.ActiveCfg = Debug|Any CPU
		{45AD81AA-E8B3-4F3F-A25D-FB861FCC7ED8}.Debug|Any CPU.Build.0 = Debug|Any CPU
		{45AD81AA-E8B3-4F3F-A25D-FB861FCC7ED8}.Release|Any CPU.ActiveCfg = Release|Any CPU
		{45AD81AA-E8B3-4F3F-A25D-FB861FCC7ED8}.Release|Any CPU.Build.0 = Release|Any CPU
	EndGlobalSection
	GlobalSection(SolutionProperties) = preSolution
		HideSolutionNode = FALSE
	EndGlobalSection
	GlobalSection(ExtensibilityGlobals) = postSolution
		SolutionGuid = {B98D1352-FC53-440C-8E4D-1D36564FD3B8}
	EndGlobalSection
EndGlobal
